
Microsoft Visual Studio Solution File, Format Version 12.00
# Visual Studio Version 17
VisualStudioVersion = 17.1.32319.34
MinimumVisualStudioVersion = 10.0.40219.1
Project("{8BC9CEB8-8B4A-11D0-8D11-00A0C91BC942}") = "Video Encode 2", "Video Encode 2\Video Encode 2.vcxproj", "{1A388002-1BC7-4242-ABB1-F9C80082446F}"
EndProject
Global
	GlobalSection(SolutionConfigurationPlatforms) = preSolution
		Debug|x64 = Debug|x64
		Debug|x86 = Debug|x86
		Release|x64 = Release|x64
		Release|x86 = Release|x86
	EndGlobalSection
	GlobalSection(ProjectConfigurationPlatforms) = postSolution
		{1A388002-1BC7-4242-ABB1-F9C80082446F}.Debug|x64.ActiveCfg = Debug|x64
		{1A388002-1BC7-4242-ABB1-F9C80082446F}.Debug|x64.Build.0 = Debug|x64
		{1A388002-1BC7-4242-ABB1-F9C80082446F}.Debug|x86.ActiveCfg = Debug|Win32
		{1A388002-1BC7-4242-ABB1-F9C80082446F}.Debug|x86.Build.0 = Debug|Win32
		{1A388002-1BC7-4242-ABB1-F9C80082446F}.Release|x64.ActiveCfg = Release|x64
		{1A388002-1BC7-4242-ABB1-F9C80082446F}.Release|x64.Build.0 = Release|x64
		{1A388002-1BC7-4242-ABB1-F9C80082446F}.Release|x86.ActiveCfg = Release|Win32
		{1A388002-1BC7-4242-ABB1-F9C80082446F}.Release|x86.Build.0 = Release|Win32
	EndGlobalSection
	GlobalSection(SolutionProperties) = preSolution
		HideSolutionNode = FALSE
	EndGlobalSection
	GlobalSection(ExtensibilityGlobals) = postSolution
		SolutionGuid = {AD014BBD-8176-495B-9E5A-97B595DD7259}
	EndGlobalSection
EndGlobal
